
Microsoft Visual Studio Solution File, Format Version 12.00
# Visual Studio 15
VisualStudioVersion = 15.0.27130.2010
MinimumVisualStudioVersion = 10.0.40219.1
Project("{FAE04EC0-301F-11D3-BF4B-00C04F79EFBC}") = "CategoryProblem.Console", "CategoryProblem.Console\CategoryProblem.Console.csproj", "{69EA916D-8359-42CB-A391-234782879E1A}"
EndProject
Project("{FAE04EC0-301F-11D3-BF4B-00C04F79EFBC}") = "CategoryProblem.Domain", "CategoryProblem.Domain\CategoryProblem.Domain.csproj", "{DAECDA4C-E089-48D6-BE18-4A1E422C2EDA}"
EndProject
Project("{FAE04EC0-301F-11D3-BF4B-00C04F79EFBC}") = "CategoryProblem.DataAccess.InMemory", "CategoryProblem.DataAccess.InMemory\CategoryProblem.DataAccess.InMemory.csproj", "{203F2AC4-1C37-4EF8-978B-FB8E78260A19}"
EndProject
Project("{FAE04EC0-301F-11D3-BF4B-00C04F79EFBC}") = "CategoryProblem.DataAccess.MSSQL", "CategoryProblem.DataAccess.MSSQL\CategoryProblem.DataAccess.MSSQL.csproj", "{52F7C6FB-393A-4534-ACE6-2FA80CC2E584}"
EndProject
Global
	GlobalSection(SolutionConfigurationPlatforms) = preSolution
		Debug|Any CPU = Debug|Any CPU
		Release|Any CPU = Release|Any CPU
	EndGlobalSection
	GlobalSection(ProjectConfigurationPlatforms) = postSolution
		{69EA916D-8359-42CB-A391-234782879E1A}.Debug|Any CPU.ActiveCfg = Debug|Any CPU
		{69EA916D-8359-42CB-A391-234782879E1A}.Debug|Any CPU.Build.0 = Debug|Any CPU
		{69EA916D-8359-42CB-A391-234782879E1A}.Release|Any CPU.ActiveCfg = Release|Any CPU
		{69EA916D-8359-42CB-A391-234782879E1A}.Release|Any CPU.Build.0 = Release|Any CPU
		{DAECDA4C-E089-48D6-BE18-4A1E422C2EDA}.Debug|Any CPU.ActiveCfg = Debug|Any CPU
		{DAECDA4C-E089-48D6-BE18-4A1E422C2EDA}.Debug|Any CPU.Build.0 = Debug|Any CPU
		{DAECDA4C-E089-48D6-BE18-4A1E422C2EDA}.Release|Any CPU.ActiveCfg = Release|Any CPU
		{DAECDA4C-E089-48D6-BE18-4A1E422C2EDA}.Release|Any CPU.Build.0 = Release|Any CPU
		{203F2AC4-1C37-4EF8-978B-FB8E78260A19}.Debug|Any CPU.ActiveCfg = Debug|Any CPU
		{203F2AC4-1C37-4EF8-978B-FB8E78260A19}.Debug|Any CPU.Build.0 = Debug|Any CPU
		{203F2AC4-1C37-4EF8-978B-FB8E78260A19}.Release|Any CPU.ActiveCfg = Release|Any CPU
		{203F2AC4-1C37-4EF8-978B-FB8E78260A19}.Release|Any CPU.Build.0 = Release|Any CPU
		{52F7C6FB-393A-4534-ACE6-2FA80CC2E584}.Debug|Any CPU.ActiveCfg = Debug|Any CPU
		{52F7C6FB-393A-4534-ACE6-2FA80CC2E584}.Debug|Any CPU.Build.0 = Debug|Any CPU
		{52F7C6FB-393A-4534-ACE6-2FA80CC2E584}.Release|Any CPU.ActiveCfg = Release|Any CPU
		{52F7C6FB-393A-4534-ACE6-2FA80CC2E584}.Release|Any CPU.Build.0 = Release|Any CPU
	EndGlobalSection
	GlobalSection(SolutionProperties) = preSolution
		HideSolutionNode = FALSE
	EndGlobalSection
	GlobalSection(ExtensibilityGlobals) = postSolution
		SolutionGuid = {C31C9943-5D3C-44B1-B0FA-1DCC793E4D5A}
	EndGlobalSection
EndGlobal
